// !$*UTF8*$!
{
	archiveVersion = 1;
	classes = {
	};
	objectVersion = 46;
	objects = {

/* Begin PBXBuildFile section */
		84A07A2216FA7EDB00A04890 /* UIKit.framework in Frameworks */ = {isa = PBXBuildFile; fileRef = 84A07A2116FA7EDB00A04890 /* UIKit.framework */; };
		84A07A2416FA7EDB00A04890 /* Foundation.framework in Frameworks */ = {isa = PBXBuildFile; fileRef = 84A07A2316FA7EDB00A04890 /* Foundation.framework */; };
		84A07A2616FA7EDB00A04890 /* CoreGraphics.framework in Frameworks */ = {isa = PBXBuildFile; fileRef = 84A07A2516FA7EDB00A04890 /* CoreGraphics.framework */; };
		84A07A2C16FA7EDB00A04890 /* InfoPlist.strings in Resources */ = {isa = PBXBuildFile; fileRef = 84A07A2A16FA7EDB00A04890 /* InfoPlist.strings */; };
		84A07A2E16FA7EDB00A04890 /* main.m in Sources */ = {isa = PBXBuildFile; fileRef = 84A07A2D16FA7EDB00A04890 /* main.m */; };
		84A07A3216FA7EDB00A04890 /* AppDelegate.m in Sources */ = {isa = PBXBuildFile; fileRef = 84A07A3116FA7EDB00A04890 /* AppDelegate.m */; };
		84A07A3B16FA7F0200A04890 /* PrincipalViewController.m in Sources */ = {isa = PBXBuildFile; fileRef = 84A07A3A16FA7F0200A04890 /* PrincipalViewController.m */; };
		84A07A3D16FA7F1600A04890 /* PrincipalViewController.xib in Resources */ = {isa = PBXBuildFile; fileRef = 84A07A3C16FA7F1600A04890 /* PrincipalViewController.xib */; };
		84A07A4516FA818B00A04890 /* AViewController.m in Sources */ = {isa = PBXBuildFile; fileRef = 84A07A4416FA818B00A04890 /* AViewController.m */; };
		84A07A4B16FA81F800A04890 /* AViewController.xib in Resources */ = {isa = PBXBuildFile; fileRef = 84A07A4A16FA81F800A04890 /* AViewController.xib */; };
		84A07A5316FA84FF00A04890 /* BViewController.m in Sources */ = {isa = PBXBuildFile; fileRef = 84A07A5116FA84FF00A04890 /* BViewController.m */; };
		84A07A5416FA84FF00A04890 /* BViewController.xib in Resources */ = {isa = PBXBuildFile; fileRef = 84A07A5216FA84FF00A04890 /* BViewController.xib */; };
/* End PBXBuildFile section */

/* Begin PBXFileReference section */
		84A07A1D16FA7EDB00A04890 /* OPACO.app */ = {isa = PBXFileReference; explicitFileType = wrapper.application; includeInIndex = 0; path = OPACO.app; sourceTree = BUILT_PRODUCTS_DIR; };
		84A07A2116FA7EDB00A04890 /* UIKit.framework */ = {isa = PBXFileReference; lastKnownFileType = wrapper.framework; name = UIKit.framework; path = System/Library/Frameworks/UIKit.framework; sourceTree = SDKROOT; };
		84A07A2316FA7EDB00A04890 /* Foundation.framework */ = {isa = PBXFileReference; lastKnownFileType = wrapper.framework; name = Foundation.framework; path = System/Library/Frameworks/Foundation.framework; sourceTree = SDKROOT; };
		84A07A2516FA7EDB00A04890 /* CoreGraphics.framework */ = {isa = PBXFileReference; lastKnownFileType = wrapper.framework; name = CoreGraphics.framework; path = System/Library/Frameworks/CoreGraphics.framework; sourceTree = SDKROOT; };
		84A07A2916FA7EDB00A04890 /* OPACO-Info.plist */ = {isa = PBXFileReference; lastKnownFileType = text.plist.xml; path = "OPACO-Info.plist"; sourceTree = "<group>"; };
		84A07A2B16FA7EDB00A04890 /* en */ = {isa = PBXFileReference; lastKnownFileType = text.plist.strings; name = en; path = en.lproj/InfoPlist.strings; sourceTree = "<group>"; };
		84A07A2D16FA7EDB00A04890 /* main.m */ = {isa = PBXFileReference; lastKnownFileType = sourcecode.c.objc; path = main.m; sourceTree = "<group>"; };
		84A07A2F16FA7EDB00A04890 /* OPACO-Prefix.pch */ = {isa = PBXFileReference; lastKnownFileType = sourcecode.c.h; path = "OPACO-Prefix.pch"; sourceTree = "<group>"; };
		84A07A3016FA7EDB00A04890 /* AppDelegate.h */ = {isa = PBXFileReference; lastKnownFileType = sourcecode.c.h; path = AppDelegate.h; sourceTree = "<group>"; };
		84A07A3116FA7EDB00A04890 /* AppDelegate.m */ = {isa = PBXFileReference; lastKnownFileType = sourcecode.c.objc; path = AppDelegate.m; sourceTree = "<group>"; };
		84A07A3916FA7F0200A04890 /* PrincipalViewController.h */ = {isa = PBXFileReference; fileEncoding = 4; lastKnownFileType = sourcecode.c.h; path = PrincipalViewController.h; sourceTree = "<group>"; };
		84A07A3A16FA7F0200A04890 /* PrincipalViewController.m */ = {isa = PBXFileReference; fileEncoding = 4; lastKnownFileType = sourcecode.c.objc; path = PrincipalViewController.m; sourceTree = "<group>"; };
		84A07A3C16FA7F1600A04890 /* PrincipalViewController.xib */ = {isa = PBXFileReference; fileEncoding = 4; lastKnownFileType = file.xib; path = PrincipalViewController.xib; sourceTree = "<group>"; };
		84A07A4316FA818B00A04890 /* AViewController.h */ = {isa = PBXFileReference; fileEncoding = 4; lastKnownFileType = sourcecode.c.h; path = AViewController.h; sourceTree = "<group>"; };
		84A07A4416FA818B00A04890 /* AViewController.m */ = {isa = PBXFileReference; fileEncoding = 4; lastKnownFileType = sourcecode.c.objc; path = AViewController.m; sourceTree = "<group>"; };
		84A07A4A16FA81F800A04890 /* AViewController.xib */ = {isa = PBXFileReference; fileEncoding = 4; lastKnownFileType = file.xib; path = AViewController.xib; sourceTree = "<group>"; };
		84A07A5016FA84FF00A04890 /* BViewController.h */ = {isa = PBXFileReference; fileEncoding = 4; lastKnownFileType = sourcecode.c.h; path = BViewController.h; sourceTree = "<group>"; };
		84A07A5116FA84FF00A04890 /* BViewController.m */ = {isa = PBXFileReference; fileEncoding = 4; lastKnownFileType = sourcecode.c.objc; path = BViewController.m; sourceTree = "<group>"; };
		84A07A5216FA84FF00A04890 /* BViewController.xib */ = {isa = PBXFileReference; fileEncoding = 4; lastKnownFileType = file.xib; path = BViewController.xib; sourceTree = "<group>"; };
/* End PBXFileReference section */

/* Begin PBXFrameworksBuildPhase section */
		84A07A1A16FA7EDB00A04890 /* Frameworks */ = {
			isa = PBXFrameworksBuildPhase;
			buildActionMask = 2147483647;
			files = (
				84A07A2216FA7EDB00A04890 /* UIKit.framework in Frameworks */,
				84A07A2416FA7EDB00A04890 /* Foundation.framework in Frameworks */,
				84A07A2616FA7EDB00A04890 /* CoreGraphics.framework in Frameworks */,
			);
			runOnlyForDeploymentPostprocessing = 0;
		};
/* End PBXFrameworksBuildPhase section */

/* Begin PBXGroup section */
		84A07A1216FA7EDB00A04890 = {
			isa = PBXGroup;
			children = (
				84A07A3816FA7EE700A04890 /* XIBS */,
				84A07A2716FA7EDB00A04890 /* OPACO */,
				84A07A2016FA7EDB00A04890 /* Frameworks */,
				84A07A1E16FA7EDB00A04890 /* Products */,
			);
			sourceTree = "<group>";
		};
		84A07A1E16FA7EDB00A04890 /* Products */ = {
			isa = PBXGroup;
			children = (
				84A07A1D16FA7EDB00A04890 /* OPACO.app */,
			);
			name = Products;
			sourceTree = "<group>";
		};
		84A07A2016FA7EDB00A04890 /* Frameworks */ = {
			isa = PBXGroup;
			children = (
				84A07A2116FA7EDB00A04890 /* UIKit.framework */,
				84A07A2316FA7EDB00A04890 /* Foundation.framework */,
				84A07A2516FA7EDB00A04890 /* CoreGraphics.framework */,
			);
			name = Frameworks;
			sourceTree = "<group>";
		};
		84A07A2716FA7EDB00A04890 /* OPACO */ = {
			isa = PBXGroup;
			children = (
				84A07A3016FA7EDB00A04890 /* AppDelegate.h */,
				84A07A3116FA7EDB00A04890 /* AppDelegate.m */,
				84A07A2816FA7EDB00A04890 /* Supporting Files */,
			);
			path = OPACO;
			sourceTree = "<group>";
		};
		84A07A2816FA7EDB00A04890 /* Supporting Files */ = {
			isa = PBXGroup;
			children = (
				84A07A2916FA7EDB00A04890 /* OPACO-Info.plist */,
				84A07A2A16FA7EDB00A04890 /* InfoPlist.strings */,
				84A07A2D16FA7EDB00A04890 /* main.m */,
				84A07A2F16FA7EDB00A04890 /* OPACO-Prefix.pch */,
			);
			name = "Supporting Files";
			sourceTree = "<group>";
		};
		84A07A3816FA7EE700A04890 /* XIBS */ = {
			isa = PBXGroup;
			children = (
				84A07A3916FA7F0200A04890 /* PrincipalViewController.h */,
				84A07A3A16FA7F0200A04890 /* PrincipalViewController.m */,
				84A07A3C16FA7F1600A04890 /* PrincipalViewController.xib */,
				84A07A4316FA818B00A04890 /* AViewController.h */,
				84A07A4416FA818B00A04890 /* AViewController.m */,
				84A07A4A16FA81F800A04890 /* AViewController.xib */,
				84A07A5016FA84FF00A04890 /* BViewController.h */,
				84A07A5116FA84FF00A04890 /* BViewController.m */,
				84A07A5216FA84FF00A04890 /* BViewController.xib */,
			);
			name = XIBS;
			sourceTree = "<group>";
		};
/* End PBXGroup section */

/* Begin PBXNativeTarget section */
		84A07A1C16FA7EDB00A04890 /* OPACO */ = {
			isa = PBXNativeTarget;
			buildConfigurationList = 84A07A3516FA7EDB00A04890 /* Build configuration list for PBXNativeTarget "OPACO" */;
			buildPhases = (
				84A07A1916FA7EDB00A04890 /* Sources */,
				84A07A1A16FA7EDB00A04890 /* Frameworks */,
				84A07A1B16FA7EDB00A04890 /* Resources */,
			);
			buildRules = (
			);
			dependencies = (
			);
			name = OPACO;
			productName = OPACO;
			productReference = 84A07A1D16FA7EDB00A04890 /* OPACO.app */;
			productType = "com.apple.product-type.application";
		};
/* End PBXNativeTarget section */

/* Begin PBXProject section */
		84A07A1416FA7EDB00A04890 /* Project object */ = {
			isa = PBXProject;
			attributes = {
				LastUpgradeCheck = 0440;
				ORGANIZATIONNAME = usuario;
			};
			buildConfigurationList = 84A07A1716FA7EDB00A04890 /* Build configuration list for PBXProject "OPACO" */;
			compatibilityVersion = "Xcode 3.2";
			developmentRegion = English;
			hasScannedForEncodings = 0;
			knownRegions = (
				en,
			);
			mainGroup = 84A07A1216FA7EDB00A04890;
			productRefGroup = 84A07A1E16FA7EDB00A04890 /* Products */;
			projectDirPath = "";
			projectRoot = "";
			targets = (
				84A07A1C16FA7EDB00A04890 /* OPACO */,
			);
		};
/* End PBXProject section */

/* Begin PBXResourcesBuildPhase section */
		84A07A1B16FA7EDB00A04890 /* Resources */ = {
			isa = PBXResourcesBuildPhase;
			buildActionMask = 2147483647;
			files = (
				84A07A2C16FA7EDB00A04890 /* InfoPlist.strings in Resources */,
				84A07A3D16FA7F1600A04890 /* PrincipalViewController.xib in Resources */,
				84A07A4B16FA81F800A04890 /* AViewController.xib in Resources */,
				84A07A5416FA84FF00A04890 /* BViewController.xib in Resources */,
			);
			runOnlyForDeploymentPostprocessing = 0;
		};
/* End PBXResourcesBuildPhase section */

/* Begin PBXSourcesBuildPhase section */
		84A07A1916FA7EDB00A04890 /* Sources */ = {
			isa = PBXSourcesBuildPhase;
			buildActionMask = 2147483647;
			files = (
				84A07A2E16FA7EDB00A04890 /* main.m in Sources */,
				84A07A3216FA7EDB00A04890 /* AppDelegate.m in Sources */,
				84A07A3B16FA7F0200A04890 /* PrincipalViewController.m in Sources */,
				84A07A4516FA818B00A04890 /* AViewController.m in Sources */,
				84A07A5316FA84FF00A04890 /* BViewController.m in Sources */,
			);
			runOnlyForDeploymentPostprocessing = 0;
		};
/* End PBXSourcesBuildPhase section */

/* Begin PBXVariantGroup section */
		84A07A2A16FA7EDB00A04890 /* InfoPlist.strings */ = {
			isa = PBXVariantGroup;
			children = (
				84A07A2B16FA7EDB00A04890 /* en */,
			);
			name = InfoPlist.strings;
			sourceTree = "<group>";
		};
/* End PBXVariantGroup section */

/* Begin XCBuildConfiguration section */
		84A07A3316FA7EDB00A04890 /* Debug */ = {
			isa = XCBuildConfiguration;
			buildSettings = {
				ALWAYS_SEARCH_USER_PATHS = NO;
				ARCHS = "$(ARCHS_STANDARD_32_BIT)";
				CLANG_CXX_LANGUAGE_STANDARD = "gnu++0x";
				CLANG_ENABLE_OBJC_ARC = YES;
				CLANG_WARN__DUPLICATE_METHOD_MATCH = YES;
				"CODE_SIGN_IDENTITY[sdk=iphoneos*]" = "iPhone Developer";
				COPY_PHASE_STRIP = NO;
				GCC_C_LANGUAGE_STANDARD = gnu99;
				GCC_DYNAMIC_NO_PIC = NO;
				GCC_OPTIMIZATION_LEVEL = 0;
				GCC_PREPROCESSOR_DEFINITIONS = (
					"DEBUG=1",
					"$(inherited)",
				);
				GCC_SYMBOLS_PRIVATE_EXTERN = NO;
				GCC_VERSION = com.apple.compilers.llvm.clang.1_0;
				GCC_WARN_ABOUT_RETURN_TYPE = YES;
				GCC_WARN_UNINITIALIZED_AUTOS = YES;
				GCC_WARN_UNUSED_VARIABLE = YES;
				IPHONEOS_DEPLOYMENT_TARGET = 5.1;
				SDKROOT = iphoneos;
				TARGETED_DEVICE_FAMILY = 2;
			};
			name = Debug;
		};
		84A07A3416FA7EDB00A04890 /* Release */ = {
			isa = XCBuildConfiguration;
			buildSettings = {
				ALWAYS_SEARCH_USER_PATHS = NO;
				ARCHS = "$(ARCHS_STANDARD_32_BIT)";
				CLANG_CXX_LANGUAGE_STANDARD = "gnu++0x";
				CLANG_ENABLE_OBJC_ARC = YES;
				CLANG_WARN__DUPLICATE_METHOD_MATCH = YES;
				"CODE_SIGN_IDENTITY[sdk=iphoneos*]" = "iPhone Developer";
				COPY_PHASE_STRIP = YES;
				GCC_C_LANGUAGE_STANDARD = gnu99;
				GCC_VERSION = com.apple.compilers.llvm.clang.1_0;
				GCC_WARN_ABOUT_RETURN_TYPE = YES;
				GCC_WARN_UNINITIALIZED_AUTOS = YES;
				GCC_WARN_UNUSED_VARIABLE = YES;
				IPHONEOS_DEPLOYMENT_TARGET = 5.1;
				OTHER_CFLAGS = "-DNS_BLOCK_ASSERTIONS=1";
				SDKROOT = iphoneos;
				TARGETED_DEVICE_FAMILY = 2;
				VALIDATE_PRODUCT = YES;
			};
			name = Release;
		};
		84A07A3616FA7EDB00A04890 /* Debug */ = {
			isa = XCBuildConfiguration;
			buildSettings = {
				GCC_PRECOMPILE_PREFIX_HEADER = YES;
				GCC_PREFIX_HEADER = "OPACO/OPACO-Prefix.pch";
				INFOPLIST_FILE = "OPACO/OPACO-Info.plist";
				PRODUCT_NAME = "$(TARGET_NAME)";
				WRAPPER_EXTENSION = app;
			};
			name = Debug;
		};
		84A07A3716FA7EDB00A04890 /* Release */ = {
			isa = XCBuildConfiguration;
			buildSettings = {
				GCC_PRECOMPILE_PREFIX_HEADER = YES;
				GCC_PREFIX_HEADER = "OPACO/OPACO-Prefix.pch";
				INFOPLIST_FILE = "OPACO/OPACO-Info.plist";
				PRODUCT_NAME = "$(TARGET_NAME)";
				WRAPPER_EXTENSION = app;
			};
			name = Release;
		};
/* End XCBuildConfiguration section */

/* Begin XCConfigurationList section */
		84A07A1716FA7EDB00A04890 /* Build configuration list for PBXProject "OPACO" */ = {
			isa = XCConfigurationList;
			buildConfigurations = (
				84A07A3316FA7EDB00A04890 /* Debug */,
				84A07A3416FA7EDB00A04890 /* Release */,
			);
			defaultConfigurationIsVisible = 0;
			defaultConfigurationName = Release;
		};
		84A07A3516FA7EDB00A04890 /* Build configuration list for PBXNativeTarget "OPACO" */ = {
			isa = XCConfigurationList;
			buildConfigurations = (
				84A07A3616FA7EDB00A04890 /* Debug */,
				84A07A3716FA7EDB00A04890 /* Release */,
			);
			defaultConfigurationIsVisible = 0;
		};
/* End XCConfigurationList section */
	};
	rootObject = 84A07A1416FA7EDB00A04890 /* Project object */;
}
